
Microsoft Visual Studio Solution File, Format Version 12.00
# Visual Studio Version 17
VisualStudioVersion = 17.6.33712.159
MinimumVisualStudioVersion = 10.0.40219.1
Project("{8BC9CEB8-8B4A-11D0-8D11-00A0C91BC942}") = "1 - Big (On) Faster then Big (On)", "1 - Big (On) Faster then Big (On)\1 - Big (On) Faster then Big (On).vcxproj", "{AE5D3BB7-9968-4940-ABB5-D94729A39942}"
EndProject
Global
	GlobalSection(SolutionConfigurationPlatforms) = preSolution
		Debug|x64 = Debug|x64
		Debug|x86 = Debug|x86
		Release|x64 = Release|x64
		Release|x86 = Release|x86
	EndGlobalSection
	GlobalSection(ProjectConfigurationPlatforms) = postSolution
		{AE5D3BB7-9968-4940-ABB5-D94729A39942}.Debug|x64.ActiveCfg = Debug|x64
		{AE5D3BB7-9968-4940-ABB5-D94729A39942}.Debug|x64.Build.0 = Debug|x64
		{AE5D3BB7-9968-4940-ABB5-D94729A39942}.Debug|x86.ActiveCfg = Debug|Win32
		{AE5D3BB7-9968-4940-ABB5-D94729A39942}.Debug|x86.Build.0 = Debug|Win32
		{AE5D3BB7-9968-4940-ABB5-D94729A39942}.Release|x64.ActiveCfg = Release|x64
		{AE5D3BB7-9968-4940-ABB5-D94729A39942}.Release|x64.Build.0 = Release|x64
		{AE5D3BB7-9968-4940-ABB5-D94729A39942}.Release|x86.ActiveCfg = Release|Win32
		{AE5D3BB7-9968-4940-ABB5-D94729A39942}.Release|x86.Build.0 = Release|Win32
	EndGlobalSection
	GlobalSection(SolutionProperties) = preSolution
		HideSolutionNode = FALSE
	EndGlobalSection
	GlobalSection(ExtensibilityGlobals) = postSolution
		SolutionGuid = {495722EB-527E-4256-B0BC-D4353A3179DE}
	EndGlobalSection
EndGlobal
