
Microsoft Visual Studio Solution File, Format Version 12.00
# Visual Studio Version 17
VisualStudioVersion = 17.6.33712.159
MinimumVisualStudioVersion = 10.0.40219.1
Project("{8BC9CEB8-8B4A-11D0-8D11-00A0C91BC942}") = "18 - Linked List Insert After", "18 - Linked List Insert After\18 - Linked List Insert After.vcxproj", "{54BBDFFE-1B33-49F2-A0D2-520C753A682D}"
EndProject
Global
	GlobalSection(SolutionConfigurationPlatforms) = preSolution
		Debug|x64 = Debug|x64
		Debug|x86 = Debug|x86
		Release|x64 = Release|x64
		Release|x86 = Release|x86
	EndGlobalSection
	GlobalSection(ProjectConfigurationPlatforms) = postSolution
		{54BBDFFE-1B33-49F2-A0D2-520C753A682D}.Debug|x64.ActiveCfg = Debug|x64
		{54BBDFFE-1B33-49F2-A0D2-520C753A682D}.Debug|x64.Build.0 = Debug|x64
		{54BBDFFE-1B33-49F2-A0D2-520C753A682D}.Debug|x86.ActiveCfg = Debug|Win32
		{54BBDFFE-1B33-49F2-A0D2-520C753A682D}.Debug|x86.Build.0 = Debug|Win32
		{54BBDFFE-1B33-49F2-A0D2-520C753A682D}.Release|x64.ActiveCfg = Release|x64
		{54BBDFFE-1B33-49F2-A0D2-520C753A682D}.Release|x64.Build.0 = Release|x64
		{54BBDFFE-1B33-49F2-A0D2-520C753A682D}.Release|x86.ActiveCfg = Release|Win32
		{54BBDFFE-1B33-49F2-A0D2-520C753A682D}.Release|x86.Build.0 = Release|Win32
	EndGlobalSection
	GlobalSection(SolutionProperties) = preSolution
		HideSolutionNode = FALSE
	EndGlobalSection
	GlobalSection(ExtensibilityGlobals) = postSolution
		SolutionGuid = {837DF839-61EF-4ABD-8A8F-82CFCB0CAF54}
	EndGlobalSection
EndGlobal
